
Microsoft Visual Studio Solution File, Format Version 12.00
# Visual Studio Express 2013 for Web
VisualStudioVersion = 12.0.31101.0
MinimumVisualStudioVersion = 10.0.40219.1
Project("{FAE04EC0-301F-11D3-BF4B-00C04F79EFBC}") = "SharedFolderIndexer", "SharedFolderIndexer\SharedFolderIndexer.csproj", "{589FB6CB-4E45-485C-9CA4-AD304A074E02}"
EndProject
Project("{FAE04EC0-301F-11D3-BF4B-00C04F79EFBC}") = "Converter", "ConverterClassLibrary\Converter.csproj", "{B2253849-F594-4B8E-97FF-010E9A31D666}"
EndProject
Project("{FAE04EC0-301F-11D3-BF4B-00C04F79EFBC}") = "JobsMaintenanceManager", "JobsMaintenanceManager\JobsMaintenanceManager.csproj", "{01169497-6CD3-4B47-A12F-19A0DDD72BF7}"
EndProject
Project("{FAE04EC0-301F-11D3-BF4B-00C04F79EFBC}") = "SoundCloud.Core", "SoundCloud.Core\SoundCloud.Core.csproj", "{522AE6D3-104D-40F5-ABD4-E20616917866}"
EndProject
Project("{FAE04EC0-301F-11D3-BF4B-00C04F79EFBC}") = "SoundCloudMediaEngine", "SoundCloudMediaEngine\SoundCloudMediaEngine.csproj", "{A3A43998-A37A-4E80-ABFB-9FB0A0735F45}"
EndProject
Project("{FAE04EC0-301F-11D3-BF4B-00C04F79EFBC}") = "SoundCloud.WebUI", "SoundCloud.WebUI\SoundCloud.WebUI.csproj", "{D0D974AE-21DC-4C6E-A500-B66931369EFB}"
EndProject
Project("{FAE04EC0-301F-11D3-BF4B-00C04F79EFBC}") = "ApplicationHelper", "ApplicationHelper\ApplicationHelper.csproj", "{22F460BA-AF1B-4594-B3AF-DCDCA1A90ECF}"
EndProject
Global
	GlobalSection(SolutionConfigurationPlatforms) = preSolution
		Debug|Any CPU = Debug|Any CPU
		Release|Any CPU = Release|Any CPU
	EndGlobalSection
	GlobalSection(ProjectConfigurationPlatforms) = postSolution
		{589FB6CB-4E45-485C-9CA4-AD304A074E02}.Debug|Any CPU.ActiveCfg = Debug|Any CPU
		{589FB6CB-4E45-485C-9CA4-AD304A074E02}.Debug|Any CPU.Build.0 = Debug|Any CPU
		{589FB6CB-4E45-485C-9CA4-AD304A074E02}.Release|Any CPU.ActiveCfg = Release|Any CPU
		{589FB6CB-4E45-485C-9CA4-AD304A074E02}.Release|Any CPU.Build.0 = Release|Any CPU
		{B2253849-F594-4B8E-97FF-010E9A31D666}.Debug|Any CPU.ActiveCfg = Debug|Any CPU
		{B2253849-F594-4B8E-97FF-010E9A31D666}.Debug|Any CPU.Build.0 = Debug|Any CPU
		{B2253849-F594-4B8E-97FF-010E9A31D666}.Release|Any CPU.ActiveCfg = Release|Any CPU
		{B2253849-F594-4B8E-97FF-010E9A31D666}.Release|Any CPU.Build.0 = Release|Any CPU
		{01169497-6CD3-4B47-A12F-19A0DDD72BF7}.Debug|Any CPU.ActiveCfg = Debug|Any CPU
		{01169497-6CD3-4B47-A12F-19A0DDD72BF7}.Debug|Any CPU.Build.0 = Debug|Any CPU
		{01169497-6CD3-4B47-A12F-19A0DDD72BF7}.Release|Any CPU.ActiveCfg = Release|Any CPU
		{01169497-6CD3-4B47-A12F-19A0DDD72BF7}.Release|Any CPU.Build.0 = Release|Any CPU
		{522AE6D3-104D-40F5-ABD4-E20616917866}.Debug|Any CPU.ActiveCfg = Debug|Any CPU
		{522AE6D3-104D-40F5-ABD4-E20616917866}.Debug|Any CPU.Build.0 = Debug|Any CPU
		{522AE6D3-104D-40F5-ABD4-E20616917866}.Release|Any CPU.ActiveCfg = Release|Any CPU
		{522AE6D3-104D-40F5-ABD4-E20616917866}.Release|Any CPU.Build.0 = Release|Any CPU
		{A3A43998-A37A-4E80-ABFB-9FB0A0735F45}.Debug|Any CPU.ActiveCfg = Debug|Any CPU
		{A3A43998-A37A-4E80-ABFB-9FB0A0735F45}.Debug|Any CPU.Build.0 = Debug|Any CPU
		{A3A43998-A37A-4E80-ABFB-9FB0A0735F45}.Release|Any CPU.ActiveCfg = Release|Any CPU
		{A3A43998-A37A-4E80-ABFB-9FB0A0735F45}.Release|Any CPU.Build.0 = Release|Any CPU
		{D0D974AE-21DC-4C6E-A500-B66931369EFB}.Debug|Any CPU.ActiveCfg = Debug|Any CPU
		{D0D974AE-21DC-4C6E-A500-B66931369EFB}.Debug|Any CPU.Build.0 = Debug|Any CPU
		{D0D974AE-21DC-4C6E-A500-B66931369EFB}.Release|Any CPU.ActiveCfg = Release|Any CPU
		{D0D974AE-21DC-4C6E-A500-B66931369EFB}.Release|Any CPU.Build.0 = Release|Any CPU
		{22F460BA-AF1B-4594-B3AF-DCDCA1A90ECF}.Debug|Any CPU.ActiveCfg = Debug|Any CPU
		{22F460BA-AF1B-4594-B3AF-DCDCA1A90ECF}.Debug|Any CPU.Build.0 = Debug|Any CPU
		{22F460BA-AF1B-4594-B3AF-DCDCA1A90ECF}.Release|Any CPU.ActiveCfg = Release|Any CPU
		{22F460BA-AF1B-4594-B3AF-DCDCA1A90ECF}.Release|Any CPU.Build.0 = Release|Any CPU
	EndGlobalSection
	GlobalSection(SolutionProperties) = preSolution
		HideSolutionNode = FALSE
	EndGlobalSection
EndGlobal
