
Microsoft Visual Studio Solution File, Format Version 12.00
# Visual Studio 2013
VisualStudioVersion = 12.0.40629.0
MinimumVisualStudioVersion = 10.0.40219.1
Project("{FAE04EC0-301F-11D3-BF4B-00C04F79EFBC}") = "SharedFolderIndexer", "SharedFolderIndexer\SharedFolderIndexer.csproj", "{589FB6CB-4E45-485C-9CA4-AD304A074E02}"
EndProject
Project("{FAE04EC0-301F-11D3-BF4B-00C04F79EFBC}") = "Converter", "ConverterClassLibrary\Converter.csproj", "{B2253849-F594-4B8E-97FF-010E9A31D666}"
EndProject
Project("{FAE04EC0-301F-11D3-BF4B-00C04F79EFBC}") = "JobsMaintenanceManager", "JobsMaintenanceManager\JobsMaintenanceManager.csproj", "{01169497-6CD3-4B47-A12F-19A0DDD72BF7}"
EndProject
Project("{FAE04EC0-301F-11D3-BF4B-00C04F79EFBC}") = "SoundPlayer.Web", "SoundPlayer.Web\SoundPlayer.Web.csproj", "{981FD19A-688A-4D4F-A038-3848C868A6EA}"
EndProject
Global
	GlobalSection(SolutionConfigurationPlatforms) = preSolution
		Debug|Any CPU = Debug|Any CPU
		Release|Any CPU = Release|Any CPU
	EndGlobalSection
	GlobalSection(ProjectConfigurationPlatforms) = postSolution
		{589FB6CB-4E45-485C-9CA4-AD304A074E02}.Debug|Any CPU.ActiveCfg = Debug|Any CPU
		{589FB6CB-4E45-485C-9CA4-AD304A074E02}.Debug|Any CPU.Build.0 = Debug|Any CPU
		{589FB6CB-4E45-485C-9CA4-AD304A074E02}.Release|Any CPU.ActiveCfg = Release|Any CPU
		{589FB6CB-4E45-485C-9CA4-AD304A074E02}.Release|Any CPU.Build.0 = Release|Any CPU
		{B2253849-F594-4B8E-97FF-010E9A31D666}.Debug|Any CPU.ActiveCfg = Debug|Any CPU
		{B2253849-F594-4B8E-97FF-010E9A31D666}.Debug|Any CPU.Build.0 = Debug|Any CPU
		{B2253849-F594-4B8E-97FF-010E9A31D666}.Release|Any CPU.ActiveCfg = Release|Any CPU
		{B2253849-F594-4B8E-97FF-010E9A31D666}.Release|Any CPU.Build.0 = Release|Any CPU
		{01169497-6CD3-4B47-A12F-19A0DDD72BF7}.Debug|Any CPU.ActiveCfg = Debug|Any CPU
		{01169497-6CD3-4B47-A12F-19A0DDD72BF7}.Debug|Any CPU.Build.0 = Debug|Any CPU
		{01169497-6CD3-4B47-A12F-19A0DDD72BF7}.Release|Any CPU.ActiveCfg = Release|Any CPU
		{01169497-6CD3-4B47-A12F-19A0DDD72BF7}.Release|Any CPU.Build.0 = Release|Any CPU
		{981FD19A-688A-4D4F-A038-3848C868A6EA}.Debug|Any CPU.ActiveCfg = Debug|Any CPU
		{981FD19A-688A-4D4F-A038-3848C868A6EA}.Debug|Any CPU.Build.0 = Debug|Any CPU
		{981FD19A-688A-4D4F-A038-3848C868A6EA}.Release|Any CPU.ActiveCfg = Release|Any CPU
		{981FD19A-688A-4D4F-A038-3848C868A6EA}.Release|Any CPU.Build.0 = Release|Any CPU
	EndGlobalSection
	GlobalSection(SolutionProperties) = preSolution
		HideSolutionNode = FALSE
	EndGlobalSection
EndGlobal
